
Microsoft Visual Studio Solution File, Format Version 12.00
# Visual Studio 2015
Project("{FAE04EC0-301F-11D3-BF4B-00C04F79EFBC}") = "MobileMarbleJam.CSharp", "MobileMarbleJam.CSharp.csproj", "{05669A4D-256D-EDA1-3CF5-96EBA6D645EF}"
EndProject
Project("{FAE04EC0-301F-11D3-BF4B-00C04F79EFBC}") = "MobileMarbleJam.CSharp.Editor", "MobileMarbleJam.CSharp.Editor.csproj", "{B2F9948A-E7E3-F3FC-1713-0BD7EE8F4D56}"
EndProject
Global
	GlobalSection(SolutionConfigurationPlatforms) = preSolution
		Debug|Any CPU = Debug|Any CPU
		Release|Any CPU = Release|Any CPU
	EndGlobalSection
	GlobalSection(ProjectConfigurationPlatforms) = postSolution
		{05669A4D-256D-EDA1-3CF5-96EBA6D645EF}.Debug|Any CPU.ActiveCfg = Debug|Any CPU
		{05669A4D-256D-EDA1-3CF5-96EBA6D645EF}.Debug|Any CPU.Build.0 = Debug|Any CPU
		{05669A4D-256D-EDA1-3CF5-96EBA6D645EF}.Release|Any CPU.ActiveCfg = Release|Any CPU
		{05669A4D-256D-EDA1-3CF5-96EBA6D645EF}.Release|Any CPU.Build.0 = Release|Any CPU
		{B2F9948A-E7E3-F3FC-1713-0BD7EE8F4D56}.Debug|Any CPU.ActiveCfg = Debug|Any CPU
		{B2F9948A-E7E3-F3FC-1713-0BD7EE8F4D56}.Debug|Any CPU.Build.0 = Debug|Any CPU
		{B2F9948A-E7E3-F3FC-1713-0BD7EE8F4D56}.Release|Any CPU.ActiveCfg = Release|Any CPU
		{B2F9948A-E7E3-F3FC-1713-0BD7EE8F4D56}.Release|Any CPU.Build.0 = Release|Any CPU
	EndGlobalSection
	GlobalSection(SolutionProperties) = preSolution
		HideSolutionNode = FALSE
	EndGlobalSection
EndGlobal
